
Microsoft Visual Studio Solution File, Format Version 12.00
# Visual Studio Version 17
VisualStudioVersion = 17.4.33205.214
MinimumVisualStudioVersion = 10.0.40219.1
Project("{9A19103F-16F7-4668-BE54-9A1E7A4F7556}") = "chatConsole", "chatConsole\chatConsole.csproj", "{CC4A543F-C5A1-4669-B672-34E5C26231E9}"
EndProject
Project("{9A19103F-16F7-4668-BE54-9A1E7A4F7556}") = "chatgptApi", "chatgptApi\chatgptApi.csproj", "{D81C0532-213D-4402-8F6A-8AA6AE94EE3C}"
EndProject
Project("{2150E333-8FDC-42A3-9474-1A3956D46DE8}") = "src", "src", "{7B31D4F8-6422-4830-B5D3-0834A184A206}"
EndProject
Global
	GlobalSection(SolutionConfigurationPlatforms) = preSolution
		Debug|Any CPU = Debug|Any CPU
		Release|Any CPU = Release|Any CPU
	EndGlobalSection
	GlobalSection(ProjectConfigurationPlatforms) = postSolution
		{CC4A543F-C5A1-4669-B672-34E5C26231E9}.Debug|Any CPU.ActiveCfg = Debug|Any CPU
		{CC4A543F-C5A1-4669-B672-34E5C26231E9}.Debug|Any CPU.Build.0 = Debug|Any CPU
		{CC4A543F-C5A1-4669-B672-34E5C26231E9}.Release|Any CPU.ActiveCfg = Release|Any CPU
		{CC4A543F-C5A1-4669-B672-34E5C26231E9}.Release|Any CPU.Build.0 = Release|Any CPU
		{D81C0532-213D-4402-8F6A-8AA6AE94EE3C}.Debug|Any CPU.ActiveCfg = Debug|Any CPU
		{D81C0532-213D-4402-8F6A-8AA6AE94EE3C}.Debug|Any CPU.Build.0 = Debug|Any CPU
		{D81C0532-213D-4402-8F6A-8AA6AE94EE3C}.Release|Any CPU.ActiveCfg = Release|Any CPU
		{D81C0532-213D-4402-8F6A-8AA6AE94EE3C}.Release|Any CPU.Build.0 = Release|Any CPU
	EndGlobalSection
	GlobalSection(SolutionProperties) = preSolution
		HideSolutionNode = FALSE
	EndGlobalSection
	GlobalSection(NestedProjects) = preSolution
		{CC4A543F-C5A1-4669-B672-34E5C26231E9} = {7B31D4F8-6422-4830-B5D3-0834A184A206}
		{D81C0532-213D-4402-8F6A-8AA6AE94EE3C} = {7B31D4F8-6422-4830-B5D3-0834A184A206}
	EndGlobalSection
	GlobalSection(ExtensibilityGlobals) = postSolution
		SolutionGuid = {33602260-5E41-423A-A4A4-6C6874DCC22E}
	EndGlobalSection
EndGlobal
